// !$*UTF8*$!
{
	archiveVersion = 1;
	classes = {
	};
	objectVersion = 50;
	objects = {

/* Begin PBXBuildFile section */
		238492E79E5D33E91DA833A3 /* Pods_SmartDictionary.framework in Frameworks */ = {isa = PBXBuildFile; fileRef = 540546CE7E3517F5233C2F2F /* Pods_SmartDictionary.framework */; };
		4313306F20A306BE00DD916E /* DictionaryCell.swift in Sources */ = {isa = PBXBuildFile; fileRef = 4313306D20A306BE00DD916E /* DictionaryCell.swift */; };
		4313307020A306BE00DD916E /* DictionaryCell.xib in Resources */ = {isa = PBXBuildFile; fileRef = 4313306E20A306BE00DD916E /* DictionaryCell.xib */; };
		431EDD1320B441DE00DE9900 /* WordService.swift in Sources */ = {isa = PBXBuildFile; fileRef = 431EDD1220B441DE00DE9900 /* WordService.swift */; };
		431EDD1D20B46C5D00DE9900 /* ApiClientMock.swift in Sources */ = {isa = PBXBuildFile; fileRef = 431EDD1C20B46C5D00DE9900 /* ApiClientMock.swift */; };
		431EE60A2094BC600073B2AE /* StringExtension.swift in Sources */ = {isa = PBXBuildFile; fileRef = 431EE6092094BC600073B2AE /* StringExtension.swift */; };
		4321EAE52092310D00D9A676 /* Errors.swift in Sources */ = {isa = PBXBuildFile; fileRef = 4321EAE42092310D00D9A676 /* Errors.swift */; };
		432206F9208E39FD000CADAC /* Result.swift in Sources */ = {isa = PBXBuildFile; fileRef = 432206F8208E39FD000CADAC /* Result.swift */; };
		4323036420A2183700EF5194 /* DictionaryTableViewController.swift in Sources */ = {isa = PBXBuildFile; fileRef = 4323036320A2183700EF5194 /* DictionaryTableViewController.swift */; };
		4323036620A218DD00EF5194 /* DictionaryPresenter.swift in Sources */ = {isa = PBXBuildFile; fileRef = 4323036520A218DD00EF5194 /* DictionaryPresenter.swift */; };
		43235D9620B822530070B9C4 /* TrainingSettingsViewController.swift in Sources */ = {isa = PBXBuildFile; fileRef = 43235D9520B822530070B9C4 /* TrainingSettingsViewController.swift */; };
		43235D9920B822FA0070B9C4 /* TrainingSettingsPresenter.swift in Sources */ = {isa = PBXBuildFile; fileRef = 43235D9820B822FA0070B9C4 /* TrainingSettingsPresenter.swift */; };
		4329B913209B5B35001D5E6D /* WordCard.swift in Sources */ = {isa = PBXBuildFile; fileRef = 4329B912209B5B35001D5E6D /* WordCard.swift */; };
		434ED98D208A592600A427FA /* ApiRequest.swift in Sources */ = {isa = PBXBuildFile; fileRef = 434ED98C208A592600A427FA /* ApiRequest.swift */; };
		434ED98F208A594400A427FA /* ApiConstants.swift in Sources */ = {isa = PBXBuildFile; fileRef = 434ED98E208A594400A427FA /* ApiConstants.swift */; };
		4358870B208DD94600BF2511 /* WordDetails.swift in Sources */ = {isa = PBXBuildFile; fileRef = 4358870A208DD94600BF2511 /* WordDetails.swift */; };
		4358870F208E020200BF2511 /* ApiClient.swift in Sources */ = {isa = PBXBuildFile; fileRef = 4358870E208E020200BF2511 /* ApiClient.swift */; };
		4364E61F208637120048E9EA /* SearchViewController.swift in Sources */ = {isa = PBXBuildFile; fileRef = 4364E61E208637120048E9EA /* SearchViewController.swift */; };
		4364E621208637260048E9EA /* SearchPresenter.swift in Sources */ = {isa = PBXBuildFile; fileRef = 4364E620208637260048E9EA /* SearchPresenter.swift */; };
		4364E636208640F70048E9EA /* MenuTests.swift in Sources */ = {isa = PBXBuildFile; fileRef = 4364E635208640F70048E9EA /* MenuTests.swift */; };
		43689E4C2093807900F74E49 /* MeaningTableViewCell.swift in Sources */ = {isa = PBXBuildFile; fileRef = 43689E4B2093807900F74E49 /* MeaningTableViewCell.swift */; };
		436C01AA20A0E14300D11B7D /* SearchPresenterTests.swift in Sources */ = {isa = PBXBuildFile; fileRef = 436C01A920A0E14300D11B7D /* SearchPresenterTests.swift */; };
		4370074E2087641600136187 /* RouterSpy.swift in Sources */ = {isa = PBXBuildFile; fileRef = 4370074D2087641600136187 /* RouterSpy.swift */; };
		43742B532090B79400710443 /* ApiResponse.swift in Sources */ = {isa = PBXBuildFile; fileRef = 43742B522090B79400710443 /* ApiResponse.swift */; };
		438117732084C0FF00BA0EB7 /* AppDelegate.swift in Sources */ = {isa = PBXBuildFile; fileRef = 438117722084C0FF00BA0EB7 /* AppDelegate.swift */; };
		438117782084C0FF00BA0EB7 /* Main.storyboard in Resources */ = {isa = PBXBuildFile; fileRef = 438117762084C0FF00BA0EB7 /* Main.storyboard */; };
		4381177A2084C10100BA0EB7 /* Assets.xcassets in Resources */ = {isa = PBXBuildFile; fileRef = 438117792084C10100BA0EB7 /* Assets.xcassets */; };
		4381177D2084C10100BA0EB7 /* LaunchScreen.storyboard in Resources */ = {isa = PBXBuildFile; fileRef = 4381177B2084C10100BA0EB7 /* LaunchScreen.storyboard */; };
		4381178B2084E7BB00BA0EB7 /* Router.swift in Sources */ = {isa = PBXBuildFile; fileRef = 4381178A2084E7BB00BA0EB7 /* Router.swift */; };
		4381178F2084EA1E00BA0EB7 /* DependencyContainer.swift in Sources */ = {isa = PBXBuildFile; fileRef = 4381178E2084EA1E00BA0EB7 /* DependencyContainer.swift */; };
		438117932084ECD300BA0EB7 /* Factory.swift in Sources */ = {isa = PBXBuildFile; fileRef = 438117922084ECD300BA0EB7 /* Factory.swift */; };
		438117952084EEC100BA0EB7 /* MenuViewController.swift in Sources */ = {isa = PBXBuildFile; fileRef = 438117942084EEC100BA0EB7 /* MenuViewController.swift */; };
		438117972084EFA500BA0EB7 /* MenuPresenter.swift in Sources */ = {isa = PBXBuildFile; fileRef = 438117962084EFA500BA0EB7 /* MenuPresenter.swift */; };
		43F1E7AC20A9CE550029C9E0 /* UILabelExtension.swift in Sources */ = {isa = PBXBuildFile; fileRef = 43F1E7AB20A9CE550029C9E0 /* UILabelExtension.swift */; };
		43FD0BD120B59E5200F7394B /* wordDetails.json in Resources */ = {isa = PBXBuildFile; fileRef = 43FD0BD020B59E5200F7394B /* wordDetails.json */; };
		D7EFA16778E329DED7E42750 /* Pods_SmartDictionaryTests.framework in Frameworks */ = {isa = PBXBuildFile; fileRef = 3979245EE0DAD3FA7F4CC9C6 /* Pods_SmartDictionaryTests.framework */; };
/* End PBXBuildFile section */

/* Begin PBXContainerItemProxy section */
		4364E62C2086402E0048E9EA /* PBXContainerItemProxy */ = {
			isa = PBXContainerItemProxy;
			containerPortal = 438117672084C0FF00BA0EB7 /* Project object */;
			proxyType = 1;
			remoteGlobalIDString = 4381176E2084C0FF00BA0EB7;
			remoteInfo = SmartDictionary;
		};
/* End PBXContainerItemProxy section */

/* Begin PBXFileReference section */
		3979245EE0DAD3FA7F4CC9C6 /* Pods_SmartDictionaryTests.framework */ = {isa = PBXFileReference; explicitFileType = wrapper.framework; includeInIndex = 0; path = Pods_SmartDictionaryTests.framework; sourceTree = BUILT_PRODUCTS_DIR; };
		4313306D20A306BE00DD916E /* DictionaryCell.swift */ = {isa = PBXFileReference; lastKnownFileType = sourcecode.swift; path = DictionaryCell.swift; sourceTree = "<group>"; };
		4313306E20A306BE00DD916E /* DictionaryCell.xib */ = {isa = PBXFileReference; lastKnownFileType = file.xib; path = DictionaryCell.xib; sourceTree = "<group>"; };
		431EDD1220B441DE00DE9900 /* WordService.swift */ = {isa = PBXFileReference; lastKnownFileType = sourcecode.swift; path = WordService.swift; sourceTree = "<group>"; };
		431EDD1C20B46C5D00DE9900 /* ApiClientMock.swift */ = {isa = PBXFileReference; lastKnownFileType = sourcecode.swift; path = ApiClientMock.swift; sourceTree = "<group>"; };
		431EE6092094BC600073B2AE /* StringExtension.swift */ = {isa = PBXFileReference; lastKnownFileType = sourcecode.swift; path = StringExtension.swift; sourceTree = "<group>"; };
		4321EAE42092310D00D9A676 /* Errors.swift */ = {isa = PBXFileReference; lastKnownFileType = sourcecode.swift; path = Errors.swift; sourceTree = "<group>"; };
		432206F8208E39FD000CADAC /* Result.swift */ = {isa = PBXFileReference; lastKnownFileType = sourcecode.swift; path = Result.swift; sourceTree = "<group>"; };
		4323036320A2183700EF5194 /* DictionaryTableViewController.swift */ = {isa = PBXFileReference; lastKnownFileType = sourcecode.swift; path = DictionaryTableViewController.swift; sourceTree = "<group>"; };
		4323036520A218DD00EF5194 /* DictionaryPresenter.swift */ = {isa = PBXFileReference; lastKnownFileType = sourcecode.swift; path = DictionaryPresenter.swift; sourceTree = "<group>"; };
		43235D9520B822530070B9C4 /* TrainingSettingsViewController.swift */ = {isa = PBXFileReference; lastKnownFileType = sourcecode.swift; path = TrainingSettingsViewController.swift; sourceTree = "<group>"; };
		43235D9820B822FA0070B9C4 /* TrainingSettingsPresenter.swift */ = {isa = PBXFileReference; lastKnownFileType = sourcecode.swift; path = TrainingSettingsPresenter.swift; sourceTree = "<group>"; };
		4329B912209B5B35001D5E6D /* WordCard.swift */ = {isa = PBXFileReference; lastKnownFileType = sourcecode.swift; path = WordCard.swift; sourceTree = "<group>"; };
		434ED98C208A592600A427FA /* ApiRequest.swift */ = {isa = PBXFileReference; lastKnownFileType = sourcecode.swift; path = ApiRequest.swift; sourceTree = "<group>"; };
		434ED98E208A594400A427FA /* ApiConstants.swift */ = {isa = PBXFileReference; lastKnownFileType = sourcecode.swift; path = ApiConstants.swift; sourceTree = "<group>"; };
		4358870A208DD94600BF2511 /* WordDetails.swift */ = {isa = PBXFileReference; lastKnownFileType = sourcecode.swift; path = WordDetails.swift; sourceTree = "<group>"; };
		4358870E208E020200BF2511 /* ApiClient.swift */ = {isa = PBXFileReference; lastKnownFileType = sourcecode.swift; path = ApiClient.swift; sourceTree = "<group>"; };
		4364E61E208637120048E9EA /* SearchViewController.swift */ = {isa = PBXFileReference; lastKnownFileType = sourcecode.swift; path = SearchViewController.swift; sourceTree = "<group>"; };
		4364E620208637260048E9EA /* SearchPresenter.swift */ = {isa = PBXFileReference; lastKnownFileType = sourcecode.swift; path = SearchPresenter.swift; sourceTree = "<group>"; };
		4364E6272086402E0048E9EA /* SmartDictionaryTests.xctest */ = {isa = PBXFileReference; explicitFileType = wrapper.cfbundle; includeInIndex = 0; path = SmartDictionaryTests.xctest; sourceTree = BUILT_PRODUCTS_DIR; };
		4364E62B2086402E0048E9EA /* Info.plist */ = {isa = PBXFileReference; lastKnownFileType = text.plist.xml; path = Info.plist; sourceTree = "<group>"; };
		4364E635208640F70048E9EA /* MenuTests.swift */ = {isa = PBXFileReference; lastKnownFileType = sourcecode.swift; path = MenuTests.swift; sourceTree = "<group>"; };
		43689E4B2093807900F74E49 /* MeaningTableViewCell.swift */ = {isa = PBXFileReference; lastKnownFileType = sourcecode.swift; path = MeaningTableViewCell.swift; sourceTree = "<group>"; };
		436C01A920A0E14300D11B7D /* SearchPresenterTests.swift */ = {isa = PBXFileReference; lastKnownFileType = sourcecode.swift; path = SearchPresenterTests.swift; sourceTree = "<group>"; };
		4370074D2087641600136187 /* RouterSpy.swift */ = {isa = PBXFileReference; lastKnownFileType = sourcecode.swift; path = RouterSpy.swift; sourceTree = "<group>"; };
		43742B522090B79400710443 /* ApiResponse.swift */ = {isa = PBXFileReference; lastKnownFileType = sourcecode.swift; path = ApiResponse.swift; sourceTree = "<group>"; };
		4381176F2084C0FF00BA0EB7 /* SmartDictionary.app */ = {isa = PBXFileReference; explicitFileType = wrapper.application; includeInIndex = 0; path = SmartDictionary.app; sourceTree = BUILT_PRODUCTS_DIR; };
		438117722084C0FF00BA0EB7 /* AppDelegate.swift */ = {isa = PBXFileReference; lastKnownFileType = sourcecode.swift; path = AppDelegate.swift; sourceTree = "<group>"; };
		438117772084C0FF00BA0EB7 /* Base */ = {isa = PBXFileReference; lastKnownFileType = file.storyboard; name = Base; path = Base.lproj/Main.storyboard; sourceTree = "<group>"; };
		438117792084C10100BA0EB7 /* Assets.xcassets */ = {isa = PBXFileReference; lastKnownFileType = folder.assetcatalog; path = Assets.xcassets; sourceTree = "<group>"; };
		4381177C2084C10100BA0EB7 /* Base */ = {isa = PBXFileReference; lastKnownFileType = file.storyboard; name = Base; path = Base.lproj/LaunchScreen.storyboard; sourceTree = "<group>"; };
		4381177E2084C10100BA0EB7 /* Info.plist */ = {isa = PBXFileReference; lastKnownFileType = text.plist.xml; path = Info.plist; sourceTree = "<group>"; };
		4381178A2084E7BB00BA0EB7 /* Router.swift */ = {isa = PBXFileReference; lastKnownFileType = sourcecode.swift; path = Router.swift; sourceTree = "<group>"; };
		4381178E2084EA1E00BA0EB7 /* DependencyContainer.swift */ = {isa = PBXFileReference; lastKnownFileType = sourcecode.swift; path = DependencyContainer.swift; sourceTree = "<group>"; };
		438117922084ECD300BA0EB7 /* Factory.swift */ = {isa = PBXFileReference; lastKnownFileType = sourcecode.swift; path = Factory.swift; sourceTree = "<group>"; };
		438117942084EEC100BA0EB7 /* MenuViewController.swift */ = {isa = PBXFileReference; lastKnownFileType = sourcecode.swift; path = MenuViewController.swift; sourceTree = "<group>"; };
		438117962084EFA500BA0EB7 /* MenuPresenter.swift */ = {isa = PBXFileReference; lastKnownFileType = sourcecode.swift; path = MenuPresenter.swift; sourceTree = "<group>"; };
		43F1E7AB20A9CE550029C9E0 /* UILabelExtension.swift */ = {isa = PBXFileReference; lastKnownFileType = sourcecode.swift; path = UILabelExtension.swift; sourceTree = "<group>"; };
		43FD0BD020B59E5200F7394B /* wordDetails.json */ = {isa = PBXFileReference; lastKnownFileType = text.json; path = wordDetails.json; sourceTree = "<group>"; };
		540546CE7E3517F5233C2F2F /* Pods_SmartDictionary.framework */ = {isa = PBXFileReference; explicitFileType = wrapper.framework; includeInIndex = 0; path = Pods_SmartDictionary.framework; sourceTree = BUILT_PRODUCTS_DIR; };
		C9F078EF77A09209DBB9FCBB /* Pods-SmartDictionary.release.xcconfig */ = {isa = PBXFileReference; includeInIndex = 1; lastKnownFileType = text.xcconfig; name = "Pods-SmartDictionary.release.xcconfig"; path = "Pods/Target Support Files/Pods-SmartDictionary/Pods-SmartDictionary.release.xcconfig"; sourceTree = "<group>"; };
		D834753B35F31367B2B9ED1F /* Pods-SmartDictionaryTests.release.xcconfig */ = {isa = PBXFileReference; includeInIndex = 1; lastKnownFileType = text.xcconfig; name = "Pods-SmartDictionaryTests.release.xcconfig"; path = "Pods/Target Support Files/Pods-SmartDictionaryTests/Pods-SmartDictionaryTests.release.xcconfig"; sourceTree = "<group>"; };
		E49A6CAC87DBC3DC6670745E /* Pods-SmartDictionary.debug.xcconfig */ = {isa = PBXFileReference; includeInIndex = 1; lastKnownFileType = text.xcconfig; name = "Pods-SmartDictionary.debug.xcconfig"; path = "Pods/Target Support Files/Pods-SmartDictionary/Pods-SmartDictionary.debug.xcconfig"; sourceTree = "<group>"; };
		FA475B5F114BB0EAF3ECC60A /* Pods-SmartDictionaryTests.debug.xcconfig */ = {isa = PBXFileReference; includeInIndex = 1; lastKnownFileType = text.xcconfig; name = "Pods-SmartDictionaryTests.debug.xcconfig"; path = "Pods/Target Support Files/Pods-SmartDictionaryTests/Pods-SmartDictionaryTests.debug.xcconfig"; sourceTree = "<group>"; };
/* End PBXFileReference section */

/* Begin PBXFrameworksBuildPhase section */
		4364E6242086402E0048E9EA /* Frameworks */ = {
			isa = PBXFrameworksBuildPhase;
			buildActionMask = 2147483647;
			files = (
				D7EFA16778E329DED7E42750 /* Pods_SmartDictionaryTests.framework in Frameworks */,
			);
			runOnlyForDeploymentPostprocessing = 0;
		};
		4381176C2084C0FF00BA0EB7 /* Frameworks */ = {
			isa = PBXFrameworksBuildPhase;
			buildActionMask = 2147483647;
			files = (
				238492E79E5D33E91DA833A3 /* Pods_SmartDictionary.framework in Frameworks */,
			);
			runOnlyForDeploymentPostprocessing = 0;
		};
/* End PBXFrameworksBuildPhase section */

/* Begin PBXGroup section */
		4308F35520A6F75000FE926B /* Models */ = {
			isa = PBXGroup;
			children = (
				4329B914209B5FB6001D5E6D /* Stored Objects */,
				4358870D208DD9A700BF2511 /* Entities */,
			);
			path = Models;
			sourceTree = "<group>";
		};
		4323036220A217E500EF5194 /* Dictionary Module */ = {
			isa = PBXGroup;
			children = (
				4323036320A2183700EF5194 /* DictionaryTableViewController.swift */,
				4323036520A218DD00EF5194 /* DictionaryPresenter.swift */,
				4313306D20A306BE00DD916E /* DictionaryCell.swift */,
				4313306E20A306BE00DD916E /* DictionaryCell.xib */,
			);
			path = "Dictionary Module";
			sourceTree = "<group>";
		};
		43235D9720B8226D0070B9C4 /* Training Settings Module */ = {
			isa = PBXGroup;
			children = (
				43235D9520B822530070B9C4 /* TrainingSettingsViewController.swift */,
				43235D9820B822FA0070B9C4 /* TrainingSettingsPresenter.swift */,
			);
			path = "Training Settings Module";
			sourceTree = "<group>";
		};
		4329B914209B5FB6001D5E6D /* Stored Objects */ = {
			isa = PBXGroup;
			children = (
				4329B912209B5B35001D5E6D /* WordCard.swift */,
			);
			path = "Stored Objects";
			sourceTree = "<group>";
		};
		434ED98B208A4B1800A427FA /* Networking */ = {
			isa = PBXGroup;
			children = (
				4358870E208E020200BF2511 /* ApiClient.swift */,
				43742B522090B79400710443 /* ApiResponse.swift */,
				432206F8208E39FD000CADAC /* Result.swift */,
				4321EAE42092310D00D9A676 /* Errors.swift */,
				434ED98C208A592600A427FA /* ApiRequest.swift */,
				434ED98E208A594400A427FA /* ApiConstants.swift */,
			);
			path = Networking;
			sourceTree = "<group>";
		};
		4358870D208DD9A700BF2511 /* Entities */ = {
			isa = PBXGroup;
			children = (
				4358870A208DD94600BF2511 /* WordDetails.swift */,
			);
			path = Entities;
			sourceTree = "<group>";
		};
		4364E61D208636110048E9EA /* Menu Module */ = {
			isa = PBXGroup;
			children = (
				438117942084EEC100BA0EB7 /* MenuViewController.swift */,
				438117962084EFA500BA0EB7 /* MenuPresenter.swift */,
			);
			path = "Menu Module";
			sourceTree = "<group>";
		};
		4364E622208637350048E9EA /* Search Module */ = {
			isa = PBXGroup;
			children = (
				4364E61E208637120048E9EA /* SearchViewController.swift */,
				4364E620208637260048E9EA /* SearchPresenter.swift */,
				43689E4B2093807900F74E49 /* MeaningTableViewCell.swift */,
			);
			path = "Search Module";
			sourceTree = "<group>";
		};
		4364E6282086402E0048E9EA /* SmartDictionaryTests */ = {
			isa = PBXGroup;
			children = (
				4364E635208640F70048E9EA /* MenuTests.swift */,
				436C01A920A0E14300D11B7D /* SearchPresenterTests.swift */,
				43FD0BD020B59E5200F7394B /* wordDetails.json */,
				4370074D2087641600136187 /* RouterSpy.swift */,
				431EDD1C20B46C5D00DE9900 /* ApiClientMock.swift */,
				4364E62B2086402E0048E9EA /* Info.plist */,
			);
			path = SmartDictionaryTests;
			sourceTree = "<group>";
		};
		438117662084C0FF00BA0EB7 = {
			isa = PBXGroup;
			children = (
				438117712084C0FF00BA0EB7 /* SmartDictionary */,
				4364E6282086402E0048E9EA /* SmartDictionaryTests */,
				438117702084C0FF00BA0EB7 /* Products */,
				E3542D4BC4D6557D40E4F50B /* Pods */,
				AEDB0427329331CD4827861A /* Frameworks */,
			);
			sourceTree = "<group>";
		};
		438117702084C0FF00BA0EB7 /* Products */ = {
			isa = PBXGroup;
			children = (
				4381176F2084C0FF00BA0EB7 /* SmartDictionary.app */,
				4364E6272086402E0048E9EA /* SmartDictionaryTests.xctest */,
			);
			name = Products;
			sourceTree = "<group>";
		};
		438117712084C0FF00BA0EB7 /* SmartDictionary */ = {
			isa = PBXGroup;
			children = (
				438117722084C0FF00BA0EB7 /* AppDelegate.swift */,
				431EE6092094BC600073B2AE /* StringExtension.swift */,
				431EDD1220B441DE00DE9900 /* WordService.swift */,
				43F1E7AB20A9CE550029C9E0 /* UILabelExtension.swift */,
				4308F35520A6F75000FE926B /* Models */,
				434ED98B208A4B1800A427FA /* Networking */,
				438117902084EB2F00BA0EB7 /* Navigation */,
				438117912084EC4800BA0EB7 /* Dependency Container */,
				438117762084C0FF00BA0EB7 /* Main.storyboard */,
				43235D9720B8226D0070B9C4 /* Training Settings Module */,
				4323036220A217E500EF5194 /* Dictionary Module */,
				4364E622208637350048E9EA /* Search Module */,
				4364E61D208636110048E9EA /* Menu Module */,
				4381177E2084C10100BA0EB7 /* Info.plist */,
				438117842084C15500BA0EB7 /* Supporting Files */,
			);
			path = SmartDictionary;
			sourceTree = "<group>";
		};
		438117842084C15500BA0EB7 /* Supporting Files */ = {
			isa = PBXGroup;
			children = (
				438117792084C10100BA0EB7 /* Assets.xcassets */,
				4381177B2084C10100BA0EB7 /* LaunchScreen.storyboard */,
			);
			path = "Supporting Files";
			sourceTree = "<group>";
		};
		438117902084EB2F00BA0EB7 /* Navigation */ = {
			isa = PBXGroup;
			children = (
				4381178A2084E7BB00BA0EB7 /* Router.swift */,
			);
			path = Navigation;
			sourceTree = "<group>";
		};
		438117912084EC4800BA0EB7 /* Dependency Container */ = {
			isa = PBXGroup;
			children = (
				4381178E2084EA1E00BA0EB7 /* DependencyContainer.swift */,
				438117922084ECD300BA0EB7 /* Factory.swift */,
			);
			path = "Dependency Container";
			sourceTree = "<group>";
		};
		AEDB0427329331CD4827861A /* Frameworks */ = {
			isa = PBXGroup;
			children = (
				540546CE7E3517F5233C2F2F /* Pods_SmartDictionary.framework */,
				3979245EE0DAD3FA7F4CC9C6 /* Pods_SmartDictionaryTests.framework */,
			);
			name = Frameworks;
			sourceTree = "<group>";
		};
		E3542D4BC4D6557D40E4F50B /* Pods */ = {
			isa = PBXGroup;
			children = (
				E49A6CAC87DBC3DC6670745E /* Pods-SmartDictionary.debug.xcconfig */,
				C9F078EF77A09209DBB9FCBB /* Pods-SmartDictionary.release.xcconfig */,
				FA475B5F114BB0EAF3ECC60A /* Pods-SmartDictionaryTests.debug.xcconfig */,
				D834753B35F31367B2B9ED1F /* Pods-SmartDictionaryTests.release.xcconfig */,
			);
			name = Pods;
			sourceTree = "<group>";
		};
/* End PBXGroup section */

/* Begin PBXNativeTarget section */
		4364E6262086402E0048E9EA /* SmartDictionaryTests */ = {
			isa = PBXNativeTarget;
			buildConfigurationList = 4364E6302086402E0048E9EA /* Build configuration list for PBXNativeTarget "SmartDictionaryTests" */;
			buildPhases = (
				4B68A03E7377B0077C283C7E /* [CP] Check Pods Manifest.lock */,
				4364E6232086402E0048E9EA /* Sources */,
				4364E6242086402E0048E9EA /* Frameworks */,
				4364E6252086402E0048E9EA /* Resources */,
			);
			buildRules = (
			);
			dependencies = (
				4364E62D2086402E0048E9EA /* PBXTargetDependency */,
			);
			name = SmartDictionaryTests;
			productName = SmartDictionaryTests;
			productReference = 4364E6272086402E0048E9EA /* SmartDictionaryTests.xctest */;
			productType = "com.apple.product-type.bundle.unit-test";
		};
		4381176E2084C0FF00BA0EB7 /* SmartDictionary */ = {
			isa = PBXNativeTarget;
			buildConfigurationList = 438117812084C10100BA0EB7 /* Build configuration list for PBXNativeTarget "SmartDictionary" */;
			buildPhases = (
				352B2E9CF05B8513389406A1 /* [CP] Check Pods Manifest.lock */,
				4381176B2084C0FF00BA0EB7 /* Sources */,
				4381176C2084C0FF00BA0EB7 /* Frameworks */,
				4381176D2084C0FF00BA0EB7 /* Resources */,
				0498A6F4F307E35E1CB1E626 /* [CP] Embed Pods Frameworks */,
			);
			buildRules = (
			);
			dependencies = (
			);
			name = SmartDictionary;
			productName = SmartDictionary;
			productReference = 4381176F2084C0FF00BA0EB7 /* SmartDictionary.app */;
			productType = "com.apple.product-type.application";
		};
/* End PBXNativeTarget section */

/* Begin PBXProject section */
		438117672084C0FF00BA0EB7 /* Project object */ = {
			isa = PBXProject;
			attributes = {
				LastSwiftUpdateCheck = 0930;
				LastUpgradeCheck = 0930;
				ORGANIZATIONNAME = Bogdan;
				TargetAttributes = {
					4364E6262086402E0048E9EA = {
						CreatedOnToolsVersion = 9.3;
						TestTargetID = 4381176E2084C0FF00BA0EB7;
					};
					4381176E2084C0FF00BA0EB7 = {
						CreatedOnToolsVersion = 9.3;
					};
				};
			};
			buildConfigurationList = 4381176A2084C0FF00BA0EB7 /* Build configuration list for PBXProject "SmartDictionary" */;
			compatibilityVersion = "Xcode 9.3";
			developmentRegion = en;
			hasScannedForEncodings = 0;
			knownRegions = (
				en,
				Base,
			);
			mainGroup = 438117662084C0FF00BA0EB7;
			productRefGroup = 438117702084C0FF00BA0EB7 /* Products */;
			projectDirPath = "";
			projectRoot = "";
			targets = (
				4381176E2084C0FF00BA0EB7 /* SmartDictionary */,
				4364E6262086402E0048E9EA /* SmartDictionaryTests */,
			);
		};
/* End PBXProject section */

/* Begin PBXResourcesBuildPhase section */
		4364E6252086402E0048E9EA /* Resources */ = {
			isa = PBXResourcesBuildPhase;
			buildActionMask = 2147483647;
			files = (
				43FD0BD120B59E5200F7394B /* wordDetails.json in Resources */,
			);
			runOnlyForDeploymentPostprocessing = 0;
		};
		4381176D2084C0FF00BA0EB7 /* Resources */ = {
			isa = PBXResourcesBuildPhase;
			buildActionMask = 2147483647;
			files = (
				4381177D2084C10100BA0EB7 /* LaunchScreen.storyboard in Resources */,
				4313307020A306BE00DD916E /* DictionaryCell.xib in Resources */,
				4381177A2084C10100BA0EB7 /* Assets.xcassets in Resources */,
				438117782084C0FF00BA0EB7 /* Main.storyboard in Resources */,
			);
			runOnlyForDeploymentPostprocessing = 0;
		};
/* End PBXResourcesBuildPhase section */

/* Begin PBXShellScriptBuildPhase section */
		0498A6F4F307E35E1CB1E626 /* [CP] Embed Pods Frameworks */ = {
			isa = PBXShellScriptBuildPhase;
			buildActionMask = 2147483647;
			files = (
			);
			inputPaths = (
				"${SRCROOT}/Pods/Target Support Files/Pods-SmartDictionary/Pods-SmartDictionary-frameworks.sh",
				"${BUILT_PRODUCTS_DIR}/Alamofire/Alamofire.framework",
				"${BUILT_PRODUCTS_DIR}/Realm/Realm.framework",
				"${BUILT_PRODUCTS_DIR}/RealmSwift/RealmSwift.framework",
			);
			name = "[CP] Embed Pods Frameworks";
			outputPaths = (
				"${TARGET_BUILD_DIR}/${FRAMEWORKS_FOLDER_PATH}/Alamofire.framework",
				"${TARGET_BUILD_DIR}/${FRAMEWORKS_FOLDER_PATH}/Realm.framework",
				"${TARGET_BUILD_DIR}/${FRAMEWORKS_FOLDER_PATH}/RealmSwift.framework",
			);
			runOnlyForDeploymentPostprocessing = 0;
			shellPath = /bin/sh;
			shellScript = "\"${SRCROOT}/Pods/Target Support Files/Pods-SmartDictionary/Pods-SmartDictionary-frameworks.sh\"\n";
			showEnvVarsInLog = 0;
		};
		352B2E9CF05B8513389406A1 /* [CP] Check Pods Manifest.lock */ = {
			isa = PBXShellScriptBuildPhase;
			buildActionMask = 2147483647;
			files = (
			);
			inputPaths = (
				"${PODS_PODFILE_DIR_PATH}/Podfile.lock",
				"${PODS_ROOT}/Manifest.lock",
			);
			name = "[CP] Check Pods Manifest.lock";
			outputPaths = (
				"$(DERIVED_FILE_DIR)/Pods-SmartDictionary-checkManifestLockResult.txt",
			);
			runOnlyForDeploymentPostprocessing = 0;
			shellPath = /bin/sh;
			shellScript = "diff \"${PODS_PODFILE_DIR_PATH}/Podfile.lock\" \"${PODS_ROOT}/Manifest.lock\" > /dev/null\nif [ $? != 0 ] ; then\n    # print error to STDERR\n    echo \"error: The sandbox is not in sync with the Podfile.lock. Run 'pod install' or update your CocoaPods installation.\" >&2\n    exit 1\nfi\n# This output is used by Xcode 'outputs' to avoid re-running this script phase.\necho \"SUCCESS\" > \"${SCRIPT_OUTPUT_FILE_0}\"\n";
			showEnvVarsInLog = 0;
		};
		4B68A03E7377B0077C283C7E /* [CP] Check Pods Manifest.lock */ = {
			isa = PBXShellScriptBuildPhase;
			buildActionMask = 2147483647;
			files = (
			);
			inputPaths = (
				"${PODS_PODFILE_DIR_PATH}/Podfile.lock",
				"${PODS_ROOT}/Manifest.lock",
			);
			name = "[CP] Check Pods Manifest.lock";
			outputPaths = (
				"$(DERIVED_FILE_DIR)/Pods-SmartDictionaryTests-checkManifestLockResult.txt",
			);
			runOnlyForDeploymentPostprocessing = 0;
			shellPath = /bin/sh;
			shellScript = "diff \"${PODS_PODFILE_DIR_PATH}/Podfile.lock\" \"${PODS_ROOT}/Manifest.lock\" > /dev/null\nif [ $? != 0 ] ; then\n    # print error to STDERR\n    echo \"error: The sandbox is not in sync with the Podfile.lock. Run 'pod install' or update your CocoaPods installation.\" >&2\n    exit 1\nfi\n# This output is used by Xcode 'outputs' to avoid re-running this script phase.\necho \"SUCCESS\" > \"${SCRIPT_OUTPUT_FILE_0}\"\n";
			showEnvVarsInLog = 0;
		};
/* End PBXShellScriptBuildPhase section */

/* Begin PBXSourcesBuildPhase section */
		4364E6232086402E0048E9EA /* Sources */ = {
			isa = PBXSourcesBuildPhase;
			buildActionMask = 2147483647;
			files = (
				436C01AA20A0E14300D11B7D /* SearchPresenterTests.swift in Sources */,
				431EDD1D20B46C5D00DE9900 /* ApiClientMock.swift in Sources */,
				4370074E2087641600136187 /* RouterSpy.swift in Sources */,
				4364E636208640F70048E9EA /* MenuTests.swift in Sources */,
			);
			runOnlyForDeploymentPostprocessing = 0;
		};
		4381176B2084C0FF00BA0EB7 /* Sources */ = {
			isa = PBXSourcesBuildPhase;
			buildActionMask = 2147483647;
			files = (
				4381178B2084E7BB00BA0EB7 /* Router.swift in Sources */,
				438117952084EEC100BA0EB7 /* MenuViewController.swift in Sources */,
				4358870B208DD94600BF2511 /* WordDetails.swift in Sources */,
				43F1E7AC20A9CE550029C9E0 /* UILabelExtension.swift in Sources */,
				4323036420A2183700EF5194 /* DictionaryTableViewController.swift in Sources */,
				43742B532090B79400710443 /* ApiResponse.swift in Sources */,
				4321EAE52092310D00D9A676 /* Errors.swift in Sources */,
				4364E621208637260048E9EA /* SearchPresenter.swift in Sources */,
				432206F9208E39FD000CADAC /* Result.swift in Sources */,
				4364E61F208637120048E9EA /* SearchViewController.swift in Sources */,
				438117732084C0FF00BA0EB7 /* AppDelegate.swift in Sources */,
				438117932084ECD300BA0EB7 /* Factory.swift in Sources */,
				4358870F208E020200BF2511 /* ApiClient.swift in Sources */,
				4381178F2084EA1E00BA0EB7 /* DependencyContainer.swift in Sources */,
				434ED98F208A594400A427FA /* ApiConstants.swift in Sources */,
				431EE60A2094BC600073B2AE /* StringExtension.swift in Sources */,
				431EDD1320B441DE00DE9900 /* WordService.swift in Sources */,
				434ED98D208A592600A427FA /* ApiRequest.swift in Sources */,
				4323036620A218DD00EF5194 /* DictionaryPresenter.swift in Sources */,
				43235D9920B822FA0070B9C4 /* TrainingSettingsPresenter.swift in Sources */,
				43235D9620B822530070B9C4 /* TrainingSettingsViewController.swift in Sources */,
				438117972084EFA500BA0EB7 /* MenuPresenter.swift in Sources */,
				4313306F20A306BE00DD916E /* DictionaryCell.swift in Sources */,
				43689E4C2093807900F74E49 /* MeaningTableViewCell.swift in Sources */,
				4329B913209B5B35001D5E6D /* WordCard.swift in Sources */,
			);
			runOnlyForDeploymentPostprocessing = 0;
		};
/* End PBXSourcesBuildPhase section */

/* Begin PBXTargetDependency section */
		4364E62D2086402E0048E9EA /* PBXTargetDependency */ = {
			isa = PBXTargetDependency;
			target = 4381176E2084C0FF00BA0EB7 /* SmartDictionary */;
			targetProxy = 4364E62C2086402E0048E9EA /* PBXContainerItemProxy */;
		};
/* End PBXTargetDependency section */

/* Begin PBXVariantGroup section */
		438117762084C0FF00BA0EB7 /* Main.storyboard */ = {
			isa = PBXVariantGroup;
			children = (
				438117772084C0FF00BA0EB7 /* Base */,
			);
			name = Main.storyboard;
			sourceTree = "<group>";
		};
		4381177B2084C10100BA0EB7 /* LaunchScreen.storyboard */ = {
			isa = PBXVariantGroup;
			children = (
				4381177C2084C10100BA0EB7 /* Base */,
			);
			name = LaunchScreen.storyboard;
			sourceTree = "<group>";
		};
/* End PBXVariantGroup section */

/* Begin XCBuildConfiguration section */
		4364E62E2086402E0048E9EA /* Debug */ = {
			isa = XCBuildConfiguration;
			baseConfigurationReference = FA475B5F114BB0EAF3ECC60A /* Pods-SmartDictionaryTests.debug.xcconfig */;
			buildSettings = {
				BUNDLE_LOADER = "$(TEST_HOST)";
				CODE_SIGN_STYLE = Automatic;
				DEVELOPMENT_TEAM = 4V89KEZWRU;
				INFOPLIST_FILE = SmartDictionaryTests/Info.plist;
				LD_RUNPATH_SEARCH_PATHS = (
					"$(inherited)",
					"@executable_path/Frameworks",
					"@loader_path/Frameworks",
				);
				PRODUCT_BUNDLE_IDENTIFIER = sbv24051989.SmartDictionaryTests;
				PRODUCT_NAME = "$(TARGET_NAME)";
				SWIFT_VERSION = 4.0;
				TARGETED_DEVICE_FAMILY = "1,2";
				TEST_HOST = "$(BUILT_PRODUCTS_DIR)/SmartDictionary.app/SmartDictionary";
			};
			name = Debug;
		};
		4364E62F2086402E0048E9EA /* Release */ = {
			isa = XCBuildConfiguration;
			baseConfigurationReference = D834753B35F31367B2B9ED1F /* Pods-SmartDictionaryTests.release.xcconfig */;
			buildSettings = {
				BUNDLE_LOADER = "$(TEST_HOST)";
				CODE_SIGN_STYLE = Automatic;
				DEVELOPMENT_TEAM = 4V89KEZWRU;
				INFOPLIST_FILE = SmartDictionaryTests/Info.plist;
				LD_RUNPATH_SEARCH_PATHS = (
					"$(inherited)",
					"@executable_path/Frameworks",
					"@loader_path/Frameworks",
				);
				PRODUCT_BUNDLE_IDENTIFIER = sbv24051989.SmartDictionaryTests;
				PRODUCT_NAME = "$(TARGET_NAME)";
				SWIFT_VERSION = 4.0;
				TARGETED_DEVICE_FAMILY = "1,2";
				TEST_HOST = "$(BUILT_PRODUCTS_DIR)/SmartDictionary.app/SmartDictionary";
			};
			name = Release;
		};
		4381177F2084C10100BA0EB7 /* Debug */ = {
			isa = XCBuildConfiguration;
			buildSettings = {
				ALWAYS_SEARCH_USER_PATHS = NO;
				CLANG_ANALYZER_NONNULL = YES;
				CLANG_ANALYZER_NUMBER_OBJECT_CONVERSION = YES_AGGRESSIVE;
				CLANG_CXX_LANGUAGE_STANDARD = "gnu++14";
				CLANG_CXX_LIBRARY = "libc++";
				CLANG_ENABLE_MODULES = YES;
				CLANG_ENABLE_OBJC_ARC = YES;
				CLANG_ENABLE_OBJC_WEAK = YES;
				CLANG_WARN_BLOCK_CAPTURE_AUTORELEASING = YES;
				CLANG_WARN_BOOL_CONVERSION = YES;
				CLANG_WARN_COMMA = YES;
				CLANG_WARN_CONSTANT_CONVERSION = YES;
				CLANG_WARN_DEPRECATED_OBJC_IMPLEMENTATIONS = YES;
				CLANG_WARN_DIRECT_OBJC_ISA_USAGE = YES_ERROR;
				CLANG_WARN_DOCUMENTATION_COMMENTS = YES;
				CLANG_WARN_EMPTY_BODY = YES;
				CLANG_WARN_ENUM_CONVERSION = YES;
				CLANG_WARN_INFINITE_RECURSION = YES;
				CLANG_WARN_INT_CONVERSION = YES;
				CLANG_WARN_NON_LITERAL_NULL_CONVERSION = YES;
				CLANG_WARN_OBJC_IMPLICIT_RETAIN_SELF = YES;
				CLANG_WARN_OBJC_LITERAL_CONVERSION = YES;
				CLANG_WARN_OBJC_ROOT_CLASS = YES_ERROR;
				CLANG_WARN_RANGE_LOOP_ANALYSIS = YES;
				CLANG_WARN_STRICT_PROTOTYPES = YES;
				CLANG_WARN_SUSPICIOUS_MOVE = YES;
				CLANG_WARN_UNGUARDED_AVAILABILITY = YES_AGGRESSIVE;
				CLANG_WARN_UNREACHABLE_CODE = YES;
				CLANG_WARN__DUPLICATE_METHOD_MATCH = YES;
				CODE_SIGN_IDENTITY = "iPhone Developer";
				COPY_PHASE_STRIP = NO;
				DEBUG_INFORMATION_FORMAT = dwarf;
				ENABLE_STRICT_OBJC_MSGSEND = YES;
				ENABLE_TESTABILITY = YES;
				GCC_C_LANGUAGE_STANDARD = gnu11;
				GCC_DYNAMIC_NO_PIC = NO;
				GCC_NO_COMMON_BLOCKS = YES;
				GCC_OPTIMIZATION_LEVEL = 0;
				GCC_PREPROCESSOR_DEFINITIONS = (
					"DEBUG=1",
					"$(inherited)",
				);
				GCC_WARN_64_TO_32_BIT_CONVERSION = YES;
				GCC_WARN_ABOUT_RETURN_TYPE = YES_ERROR;
				GCC_WARN_UNDECLARED_SELECTOR = YES;
				GCC_WARN_UNINITIALIZED_AUTOS = YES_AGGRESSIVE;
				GCC_WARN_UNUSED_FUNCTION = YES;
				GCC_WARN_UNUSED_VARIABLE = YES;
				IPHONEOS_DEPLOYMENT_TARGET = 11.3;
				MTL_ENABLE_DEBUG_INFO = YES;
				ONLY_ACTIVE_ARCH = YES;
				SDKROOT = iphoneos;
				SWIFT_ACTIVE_COMPILATION_CONDITIONS = DEBUG;
				SWIFT_OPTIMIZATION_LEVEL = "-Onone";
			};
			name = Debug;
		};
		438117802084C10100BA0EB7 /* Release */ = {
			isa = XCBuildConfiguration;
			buildSettings = {
				ALWAYS_SEARCH_USER_PATHS = NO;
				CLANG_ANALYZER_NONNULL = YES;
				CLANG_ANALYZER_NUMBER_OBJECT_CONVERSION = YES_AGGRESSIVE;
				CLANG_CXX_LANGUAGE_STANDARD = "gnu++14";
				CLANG_CXX_LIBRARY = "libc++";
				CLANG_ENABLE_MODULES = YES;
				CLANG_ENABLE_OBJC_ARC = YES;
				CLANG_ENABLE_OBJC_WEAK = YES;
				CLANG_WARN_BLOCK_CAPTURE_AUTORELEASING = YES;
				CLANG_WARN_BOOL_CONVERSION = YES;
				CLANG_WARN_COMMA = YES;
				CLANG_WARN_CONSTANT_CONVERSION = YES;
				CLANG_WARN_DEPRECATED_OBJC_IMPLEMENTATIONS = YES;
				CLANG_WARN_DIRECT_OBJC_ISA_USAGE = YES_ERROR;
				CLANG_WARN_DOCUMENTATION_COMMENTS = YES;
				CLANG_WARN_EMPTY_BODY = YES;
				CLANG_WARN_ENUM_CONVERSION = YES;
				CLANG_WARN_INFINITE_RECURSION = YES;
				CLANG_WARN_INT_CONVERSION = YES;
				CLANG_WARN_NON_LITERAL_NULL_CONVERSION = YES;
				CLANG_WARN_OBJC_IMPLICIT_RETAIN_SELF = YES;
				CLANG_WARN_OBJC_LITERAL_CONVERSION = YES;
				CLANG_WARN_OBJC_ROOT_CLASS = YES_ERROR;
				CLANG_WARN_RANGE_LOOP_ANALYSIS = YES;
				CLANG_WARN_STRICT_PROTOTYPES = YES;
				CLANG_WARN_SUSPICIOUS_MOVE = YES;
				CLANG_WARN_UNGUARDED_AVAILABILITY = YES_AGGRESSIVE;
				CLANG_WARN_UNREACHABLE_CODE = YES;
				CLANG_WARN__DUPLICATE_METHOD_MATCH = YES;
				CODE_SIGN_IDENTITY = "iPhone Developer";
				COPY_PHASE_STRIP = NO;
				DEBUG_INFORMATION_FORMAT = "dwarf-with-dsym";
				ENABLE_NS_ASSERTIONS = NO;
				ENABLE_STRICT_OBJC_MSGSEND = YES;
				GCC_C_LANGUAGE_STANDARD = gnu11;
				GCC_NO_COMMON_BLOCKS = YES;
				GCC_WARN_64_TO_32_BIT_CONVERSION = YES;
				GCC_WARN_ABOUT_RETURN_TYPE = YES_ERROR;
				GCC_WARN_UNDECLARED_SELECTOR = YES;
				GCC_WARN_UNINITIALIZED_AUTOS = YES_AGGRESSIVE;
				GCC_WARN_UNUSED_FUNCTION = YES;
				GCC_WARN_UNUSED_VARIABLE = YES;
				IPHONEOS_DEPLOYMENT_TARGET = 11.3;
				MTL_ENABLE_DEBUG_INFO = NO;
				SDKROOT = iphoneos;
				SWIFT_COMPILATION_MODE = wholemodule;
				SWIFT_OPTIMIZATION_LEVEL = "-O";
				VALIDATE_PRODUCT = YES;
			};
			name = Release;
		};
		438117822084C10100BA0EB7 /* Debug */ = {
			isa = XCBuildConfiguration;
			baseConfigurationReference = E49A6CAC87DBC3DC6670745E /* Pods-SmartDictionary.debug.xcconfig */;
			buildSettings = {
				ASSETCATALOG_COMPILER_APPICON_NAME = AppIcon;
				CODE_SIGN_STYLE = Automatic;
				DEVELOPMENT_TEAM = 4V89KEZWRU;
				INFOPLIST_FILE = SmartDictionary/Info.plist;
				LD_RUNPATH_SEARCH_PATHS = (
					"$(inherited)",
					"@executable_path/Frameworks",
				);
				PRODUCT_BUNDLE_IDENTIFIER = sbv24051989.SmartDictionary;
				PRODUCT_NAME = "$(TARGET_NAME)";
				SWIFT_VERSION = 4.0;
				TARGETED_DEVICE_FAMILY = "1,2";
			};
			name = Debug;
		};
		438117832084C10100BA0EB7 /* Release */ = {
			isa = XCBuildConfiguration;
			baseConfigurationReference = C9F078EF77A09209DBB9FCBB /* Pods-SmartDictionary.release.xcconfig */;
			buildSettings = {
				ASSETCATALOG_COMPILER_APPICON_NAME = AppIcon;
				CODE_SIGN_STYLE = Automatic;
				DEVELOPMENT_TEAM = 4V89KEZWRU;
				INFOPLIST_FILE = SmartDictionary/Info.plist;
				LD_RUNPATH_SEARCH_PATHS = (
					"$(inherited)",
					"@executable_path/Frameworks",
				);
				PRODUCT_BUNDLE_IDENTIFIER = sbv24051989.SmartDictionary;
				PRODUCT_NAME = "$(TARGET_NAME)";
				SWIFT_VERSION = 4.0;
				TARGETED_DEVICE_FAMILY = "1,2";
			};
			name = Release;
		};
/* End XCBuildConfiguration section */

/* Begin XCConfigurationList section */
		4364E6302086402E0048E9EA /* Build configuration list for PBXNativeTarget "SmartDictionaryTests" */ = {
			isa = XCConfigurationList;
			buildConfigurations = (
				4364E62E2086402E0048E9EA /* Debug */,
				4364E62F2086402E0048E9EA /* Release */,
			);
			defaultConfigurationIsVisible = 0;
			defaultConfigurationName = Release;
		};
		4381176A2084C0FF00BA0EB7 /* Build configuration list for PBXProject "SmartDictionary" */ = {
			isa = XCConfigurationList;
			buildConfigurations = (
				4381177F2084C10100BA0EB7 /* Debug */,
				438117802084C10100BA0EB7 /* Release */,
			);
			defaultConfigurationIsVisible = 0;
			defaultConfigurationName = Release;
		};
		438117812084C10100BA0EB7 /* Build configuration list for PBXNativeTarget "SmartDictionary" */ = {
			isa = XCConfigurationList;
			buildConfigurations = (
				438117822084C10100BA0EB7 /* Debug */,
				438117832084C10100BA0EB7 /* Release */,
			);
			defaultConfigurationIsVisible = 0;
			defaultConfigurationName = Release;
		};
/* End XCConfigurationList section */
	};
	rootObject = 438117672084C0FF00BA0EB7 /* Project object */;
}
