// !$*UTF8*$!
{
	archiveVersion = 1;
	classes = {
	};
	objectVersion = 50;
	objects = {

/* Begin PBXBuildFile section */
		4364E61F208637120048E9EA /* SearchViewController.swift in Sources */ = {isa = PBXBuildFile; fileRef = 4364E61E208637120048E9EA /* SearchViewController.swift */; };
		4364E621208637260048E9EA /* SearchPresenter.swift in Sources */ = {isa = PBXBuildFile; fileRef = 4364E620208637260048E9EA /* SearchPresenter.swift */; };
		4364E636208640F70048E9EA /* MenuTests.swift in Sources */ = {isa = PBXBuildFile; fileRef = 4364E635208640F70048E9EA /* MenuTests.swift */; };
		438117732084C0FF00BA0EB7 /* AppDelegate.swift in Sources */ = {isa = PBXBuildFile; fileRef = 438117722084C0FF00BA0EB7 /* AppDelegate.swift */; };
		438117782084C0FF00BA0EB7 /* Main.storyboard in Resources */ = {isa = PBXBuildFile; fileRef = 438117762084C0FF00BA0EB7 /* Main.storyboard */; };
		4381177A2084C10100BA0EB7 /* Assets.xcassets in Resources */ = {isa = PBXBuildFile; fileRef = 438117792084C10100BA0EB7 /* Assets.xcassets */; };
		4381177D2084C10100BA0EB7 /* LaunchScreen.storyboard in Resources */ = {isa = PBXBuildFile; fileRef = 4381177B2084C10100BA0EB7 /* LaunchScreen.storyboard */; };
		4381178B2084E7BB00BA0EB7 /* Router.swift in Sources */ = {isa = PBXBuildFile; fileRef = 4381178A2084E7BB00BA0EB7 /* Router.swift */; };
		4381178D2084E98F00BA0EB7 /* Navigator.swift in Sources */ = {isa = PBXBuildFile; fileRef = 4381178C2084E98F00BA0EB7 /* Navigator.swift */; };
		4381178F2084EA1E00BA0EB7 /* DependencyContainer.swift in Sources */ = {isa = PBXBuildFile; fileRef = 4381178E2084EA1E00BA0EB7 /* DependencyContainer.swift */; };
		438117932084ECD300BA0EB7 /* Factory.swift in Sources */ = {isa = PBXBuildFile; fileRef = 438117922084ECD300BA0EB7 /* Factory.swift */; };
		438117952084EEC100BA0EB7 /* MenuViewController.swift in Sources */ = {isa = PBXBuildFile; fileRef = 438117942084EEC100BA0EB7 /* MenuViewController.swift */; };
		438117972084EFA500BA0EB7 /* MenuPresenter.swift in Sources */ = {isa = PBXBuildFile; fileRef = 438117962084EFA500BA0EB7 /* MenuPresenter.swift */; };
/* End PBXBuildFile section */

/* Begin PBXContainerItemProxy section */
		4364E62C2086402E0048E9EA /* PBXContainerItemProxy */ = {
			isa = PBXContainerItemProxy;
			containerPortal = 438117672084C0FF00BA0EB7 /* Project object */;
			proxyType = 1;
			remoteGlobalIDString = 4381176E2084C0FF00BA0EB7;
			remoteInfo = SmartDictionary;
		};
/* End PBXContainerItemProxy section */

/* Begin PBXFileReference section */
		4364E61E208637120048E9EA /* SearchViewController.swift */ = {isa = PBXFileReference; lastKnownFileType = sourcecode.swift; path = SearchViewController.swift; sourceTree = "<group>"; };
		4364E620208637260048E9EA /* SearchPresenter.swift */ = {isa = PBXFileReference; lastKnownFileType = sourcecode.swift; path = SearchPresenter.swift; sourceTree = "<group>"; };
		4364E6272086402E0048E9EA /* SmartDictionaryTests.xctest */ = {isa = PBXFileReference; explicitFileType = wrapper.cfbundle; includeInIndex = 0; path = SmartDictionaryTests.xctest; sourceTree = BUILT_PRODUCTS_DIR; };
		4364E62B2086402E0048E9EA /* Info.plist */ = {isa = PBXFileReference; lastKnownFileType = text.plist.xml; path = Info.plist; sourceTree = "<group>"; };
		4364E635208640F70048E9EA /* MenuTests.swift */ = {isa = PBXFileReference; lastKnownFileType = sourcecode.swift; path = MenuTests.swift; sourceTree = "<group>"; };
		4381176F2084C0FF00BA0EB7 /* SmartDictionary.app */ = {isa = PBXFileReference; explicitFileType = wrapper.application; includeInIndex = 0; path = SmartDictionary.app; sourceTree = BUILT_PRODUCTS_DIR; };
		438117722084C0FF00BA0EB7 /* AppDelegate.swift */ = {isa = PBXFileReference; lastKnownFileType = sourcecode.swift; path = AppDelegate.swift; sourceTree = "<group>"; };
		438117772084C0FF00BA0EB7 /* Base */ = {isa = PBXFileReference; lastKnownFileType = file.storyboard; name = Base; path = Base.lproj/Main.storyboard; sourceTree = "<group>"; };
		438117792084C10100BA0EB7 /* Assets.xcassets */ = {isa = PBXFileReference; lastKnownFileType = folder.assetcatalog; path = Assets.xcassets; sourceTree = "<group>"; };
		4381177C2084C10100BA0EB7 /* Base */ = {isa = PBXFileReference; lastKnownFileType = file.storyboard; name = Base; path = Base.lproj/LaunchScreen.storyboard; sourceTree = "<group>"; };
		4381177E2084C10100BA0EB7 /* Info.plist */ = {isa = PBXFileReference; lastKnownFileType = text.plist.xml; path = Info.plist; sourceTree = "<group>"; };
		4381178A2084E7BB00BA0EB7 /* Router.swift */ = {isa = PBXFileReference; lastKnownFileType = sourcecode.swift; path = Router.swift; sourceTree = "<group>"; };
		4381178C2084E98F00BA0EB7 /* Navigator.swift */ = {isa = PBXFileReference; lastKnownFileType = sourcecode.swift; path = Navigator.swift; sourceTree = "<group>"; };
		4381178E2084EA1E00BA0EB7 /* DependencyContainer.swift */ = {isa = PBXFileReference; lastKnownFileType = sourcecode.swift; path = DependencyContainer.swift; sourceTree = "<group>"; };
		438117922084ECD300BA0EB7 /* Factory.swift */ = {isa = PBXFileReference; lastKnownFileType = sourcecode.swift; path = Factory.swift; sourceTree = "<group>"; };
		438117942084EEC100BA0EB7 /* MenuViewController.swift */ = {isa = PBXFileReference; lastKnownFileType = sourcecode.swift; path = MenuViewController.swift; sourceTree = "<group>"; };
		438117962084EFA500BA0EB7 /* MenuPresenter.swift */ = {isa = PBXFileReference; lastKnownFileType = sourcecode.swift; path = MenuPresenter.swift; sourceTree = "<group>"; };
/* End PBXFileReference section */

/* Begin PBXFrameworksBuildPhase section */
		4364E6242086402E0048E9EA /* Frameworks */ = {
			isa = PBXFrameworksBuildPhase;
			buildActionMask = 2147483647;
			files = (
			);
			runOnlyForDeploymentPostprocessing = 0;
		};
		4381176C2084C0FF00BA0EB7 /* Frameworks */ = {
			isa = PBXFrameworksBuildPhase;
			buildActionMask = 2147483647;
			files = (
			);
			runOnlyForDeploymentPostprocessing = 0;
		};
/* End PBXFrameworksBuildPhase section */

/* Begin PBXGroup section */
		4364E61D208636110048E9EA /* Menu Module */ = {
			isa = PBXGroup;
			children = (
				438117942084EEC100BA0EB7 /* MenuViewController.swift */,
				438117962084EFA500BA0EB7 /* MenuPresenter.swift */,
			);
			path = "Menu Module";
			sourceTree = "<group>";
		};
		4364E622208637350048E9EA /* Search Module */ = {
			isa = PBXGroup;
			children = (
				4364E61E208637120048E9EA /* SearchViewController.swift */,
				4364E620208637260048E9EA /* SearchPresenter.swift */,
			);
			path = "Search Module";
			sourceTree = "<group>";
		};
		4364E6282086402E0048E9EA /* SmartDictionaryTests */ = {
			isa = PBXGroup;
			children = (
				4364E635208640F70048E9EA /* MenuTests.swift */,
				4364E62B2086402E0048E9EA /* Info.plist */,
			);
			path = SmartDictionaryTests;
			sourceTree = "<group>";
		};
		438117662084C0FF00BA0EB7 = {
			isa = PBXGroup;
			children = (
				438117712084C0FF00BA0EB7 /* SmartDictionary */,
				4364E6282086402E0048E9EA /* SmartDictionaryTests */,
				438117702084C0FF00BA0EB7 /* Products */,
			);
			sourceTree = "<group>";
		};
		438117702084C0FF00BA0EB7 /* Products */ = {
			isa = PBXGroup;
			children = (
				4381176F2084C0FF00BA0EB7 /* SmartDictionary.app */,
				4364E6272086402E0048E9EA /* SmartDictionaryTests.xctest */,
			);
			name = Products;
			sourceTree = "<group>";
		};
		438117712084C0FF00BA0EB7 /* SmartDictionary */ = {
			isa = PBXGroup;
			children = (
				438117722084C0FF00BA0EB7 /* AppDelegate.swift */,
				438117902084EB2F00BA0EB7 /* Navigation */,
				438117912084EC4800BA0EB7 /* Dependency Container */,
				438117762084C0FF00BA0EB7 /* Main.storyboard */,
				4364E622208637350048E9EA /* Search Module */,
				4364E61D208636110048E9EA /* Menu Module */,
				4381177E2084C10100BA0EB7 /* Info.plist */,
				438117842084C15500BA0EB7 /* Supporting Files */,
			);
			path = SmartDictionary;
			sourceTree = "<group>";
		};
		438117842084C15500BA0EB7 /* Supporting Files */ = {
			isa = PBXGroup;
			children = (
				438117792084C10100BA0EB7 /* Assets.xcassets */,
				4381177B2084C10100BA0EB7 /* LaunchScreen.storyboard */,
			);
			path = "Supporting Files";
			sourceTree = "<group>";
		};
		438117902084EB2F00BA0EB7 /* Navigation */ = {
			isa = PBXGroup;
			children = (
				4381178A2084E7BB00BA0EB7 /* Router.swift */,
				4381178C2084E98F00BA0EB7 /* Navigator.swift */,
			);
			path = Navigation;
			sourceTree = "<group>";
		};
		438117912084EC4800BA0EB7 /* Dependency Container */ = {
			isa = PBXGroup;
			children = (
				4381178E2084EA1E00BA0EB7 /* DependencyContainer.swift */,
				438117922084ECD300BA0EB7 /* Factory.swift */,
			);
			path = "Dependency Container";
			sourceTree = "<group>";
		};
/* End PBXGroup section */

/* Begin PBXNativeTarget section */
		4364E6262086402E0048E9EA /* SmartDictionaryTests */ = {
			isa = PBXNativeTarget;
			buildConfigurationList = 4364E6302086402E0048E9EA /* Build configuration list for PBXNativeTarget "SmartDictionaryTests" */;
			buildPhases = (
				4364E6232086402E0048E9EA /* Sources */,
				4364E6242086402E0048E9EA /* Frameworks */,
				4364E6252086402E0048E9EA /* Resources */,
			);
			buildRules = (
			);
			dependencies = (
				4364E62D2086402E0048E9EA /* PBXTargetDependency */,
			);
			name = SmartDictionaryTests;
			productName = SmartDictionaryTests;
			productReference = 4364E6272086402E0048E9EA /* SmartDictionaryTests.xctest */;
			productType = "com.apple.product-type.bundle.unit-test";
		};
		4381176E2084C0FF00BA0EB7 /* SmartDictionary */ = {
			isa = PBXNativeTarget;
			buildConfigurationList = 438117812084C10100BA0EB7 /* Build configuration list for PBXNativeTarget "SmartDictionary" */;
			buildPhases = (
				4381176B2084C0FF00BA0EB7 /* Sources */,
				4381176C2084C0FF00BA0EB7 /* Frameworks */,
				4381176D2084C0FF00BA0EB7 /* Resources */,
			);
			buildRules = (
			);
			dependencies = (
			);
			name = SmartDictionary;
			productName = SmartDictionary;
			productReference = 4381176F2084C0FF00BA0EB7 /* SmartDictionary.app */;
			productType = "com.apple.product-type.application";
		};
/* End PBXNativeTarget section */

/* Begin PBXProject section */
		438117672084C0FF00BA0EB7 /* Project object */ = {
			isa = PBXProject;
			attributes = {
				LastSwiftUpdateCheck = 0930;
				LastUpgradeCheck = 0930;
				ORGANIZATIONNAME = Bogdan;
				TargetAttributes = {
					4364E6262086402E0048E9EA = {
						CreatedOnToolsVersion = 9.3;
						TestTargetID = 4381176E2084C0FF00BA0EB7;
					};
					4381176E2084C0FF00BA0EB7 = {
						CreatedOnToolsVersion = 9.3;
					};
				};
			};
			buildConfigurationList = 4381176A2084C0FF00BA0EB7 /* Build configuration list for PBXProject "SmartDictionary" */;
			compatibilityVersion = "Xcode 9.3";
			developmentRegion = en;
			hasScannedForEncodings = 0;
			knownRegions = (
				en,
				Base,
			);
			mainGroup = 438117662084C0FF00BA0EB7;
			productRefGroup = 438117702084C0FF00BA0EB7 /* Products */;
			projectDirPath = "";
			projectRoot = "";
			targets = (
				4381176E2084C0FF00BA0EB7 /* SmartDictionary */,
				4364E6262086402E0048E9EA /* SmartDictionaryTests */,
			);
		};
/* End PBXProject section */

/* Begin PBXResourcesBuildPhase section */
		4364E6252086402E0048E9EA /* Resources */ = {
			isa = PBXResourcesBuildPhase;
			buildActionMask = 2147483647;
			files = (
			);
			runOnlyForDeploymentPostprocessing = 0;
		};
		4381176D2084C0FF00BA0EB7 /* Resources */ = {
			isa = PBXResourcesBuildPhase;
			buildActionMask = 2147483647;
			files = (
				4381177D2084C10100BA0EB7 /* LaunchScreen.storyboard in Resources */,
				4381177A2084C10100BA0EB7 /* Assets.xcassets in Resources */,
				438117782084C0FF00BA0EB7 /* Main.storyboard in Resources */,
			);
			runOnlyForDeploymentPostprocessing = 0;
		};
/* End PBXResourcesBuildPhase section */

/* Begin PBXSourcesBuildPhase section */
		4364E6232086402E0048E9EA /* Sources */ = {
			isa = PBXSourcesBuildPhase;
			buildActionMask = 2147483647;
			files = (
				4364E636208640F70048E9EA /* MenuTests.swift in Sources */,
			);
			runOnlyForDeploymentPostprocessing = 0;
		};
		4381176B2084C0FF00BA0EB7 /* Sources */ = {
			isa = PBXSourcesBuildPhase;
			buildActionMask = 2147483647;
			files = (
				4381178B2084E7BB00BA0EB7 /* Router.swift in Sources */,
				438117952084EEC100BA0EB7 /* MenuViewController.swift in Sources */,
				4364E621208637260048E9EA /* SearchPresenter.swift in Sources */,
				4364E61F208637120048E9EA /* SearchViewController.swift in Sources */,
				438117732084C0FF00BA0EB7 /* AppDelegate.swift in Sources */,
				438117932084ECD300BA0EB7 /* Factory.swift in Sources */,
				4381178F2084EA1E00BA0EB7 /* DependencyContainer.swift in Sources */,
				4381178D2084E98F00BA0EB7 /* Navigator.swift in Sources */,
				438117972084EFA500BA0EB7 /* MenuPresenter.swift in Sources */,
			);
			runOnlyForDeploymentPostprocessing = 0;
		};
/* End PBXSourcesBuildPhase section */

/* Begin PBXTargetDependency section */
		4364E62D2086402E0048E9EA /* PBXTargetDependency */ = {
			isa = PBXTargetDependency;
			target = 4381176E2084C0FF00BA0EB7 /* SmartDictionary */;
			targetProxy = 4364E62C2086402E0048E9EA /* PBXContainerItemProxy */;
		};
/* End PBXTargetDependency section */

/* Begin PBXVariantGroup section */
		438117762084C0FF00BA0EB7 /* Main.storyboard */ = {
			isa = PBXVariantGroup;
			children = (
				438117772084C0FF00BA0EB7 /* Base */,
			);
			name = Main.storyboard;
			sourceTree = "<group>";
		};
		4381177B2084C10100BA0EB7 /* LaunchScreen.storyboard */ = {
			isa = PBXVariantGroup;
			children = (
				4381177C2084C10100BA0EB7 /* Base */,
			);
			name = LaunchScreen.storyboard;
			sourceTree = "<group>";
		};
/* End PBXVariantGroup section */

/* Begin XCBuildConfiguration section */
		4364E62E2086402E0048E9EA /* Debug */ = {
			isa = XCBuildConfiguration;
			buildSettings = {
				BUNDLE_LOADER = "$(TEST_HOST)";
				CODE_SIGN_STYLE = Automatic;
				DEVELOPMENT_TEAM = 4V89KEZWRU;
				INFOPLIST_FILE = SmartDictionaryTests/Info.plist;
				LD_RUNPATH_SEARCH_PATHS = (
					"$(inherited)",
					"@executable_path/Frameworks",
					"@loader_path/Frameworks",
				);
				PRODUCT_BUNDLE_IDENTIFIER = sbv24051989.SmartDictionaryTests;
				PRODUCT_NAME = "$(TARGET_NAME)";
				SWIFT_VERSION = 4.0;
				TARGETED_DEVICE_FAMILY = "1,2";
				TEST_HOST = "$(BUILT_PRODUCTS_DIR)/SmartDictionary.app/SmartDictionary";
			};
			name = Debug;
		};
		4364E62F2086402E0048E9EA /* Release */ = {
			isa = XCBuildConfiguration;
			buildSettings = {
				BUNDLE_LOADER = "$(TEST_HOST)";
				CODE_SIGN_STYLE = Automatic;
				DEVELOPMENT_TEAM = 4V89KEZWRU;
				INFOPLIST_FILE = SmartDictionaryTests/Info.plist;
				LD_RUNPATH_SEARCH_PATHS = (
					"$(inherited)",
					"@executable_path/Frameworks",
					"@loader_path/Frameworks",
				);
				PRODUCT_BUNDLE_IDENTIFIER = sbv24051989.SmartDictionaryTests;
				PRODUCT_NAME = "$(TARGET_NAME)";
				SWIFT_VERSION = 4.0;
				TARGETED_DEVICE_FAMILY = "1,2";
				TEST_HOST = "$(BUILT_PRODUCTS_DIR)/SmartDictionary.app/SmartDictionary";
			};
			name = Release;
		};
		4381177F2084C10100BA0EB7 /* Debug */ = {
			isa = XCBuildConfiguration;
			buildSettings = {
				ALWAYS_SEARCH_USER_PATHS = NO;
				CLANG_ANALYZER_NONNULL = YES;
				CLANG_ANALYZER_NUMBER_OBJECT_CONVERSION = YES_AGGRESSIVE;
				CLANG_CXX_LANGUAGE_STANDARD = "gnu++14";
				CLANG_CXX_LIBRARY = "libc++";
				CLANG_ENABLE_MODULES = YES;
				CLANG_ENABLE_OBJC_ARC = YES;
				CLANG_ENABLE_OBJC_WEAK = YES;
				CLANG_WARN_BLOCK_CAPTURE_AUTORELEASING = YES;
				CLANG_WARN_BOOL_CONVERSION = YES;
				CLANG_WARN_COMMA = YES;
				CLANG_WARN_CONSTANT_CONVERSION = YES;
				CLANG_WARN_DEPRECATED_OBJC_IMPLEMENTATIONS = YES;
				CLANG_WARN_DIRECT_OBJC_ISA_USAGE = YES_ERROR;
				CLANG_WARN_DOCUMENTATION_COMMENTS = YES;
				CLANG_WARN_EMPTY_BODY = YES;
				CLANG_WARN_ENUM_CONVERSION = YES;
				CLANG_WARN_INFINITE_RECURSION = YES;
				CLANG_WARN_INT_CONVERSION = YES;
				CLANG_WARN_NON_LITERAL_NULL_CONVERSION = YES;
				CLANG_WARN_OBJC_IMPLICIT_RETAIN_SELF = YES;
				CLANG_WARN_OBJC_LITERAL_CONVERSION = YES;
				CLANG_WARN_OBJC_ROOT_CLASS = YES_ERROR;
				CLANG_WARN_RANGE_LOOP_ANALYSIS = YES;
				CLANG_WARN_STRICT_PROTOTYPES = YES;
				CLANG_WARN_SUSPICIOUS_MOVE = YES;
				CLANG_WARN_UNGUARDED_AVAILABILITY = YES_AGGRESSIVE;
				CLANG_WARN_UNREACHABLE_CODE = YES;
				CLANG_WARN__DUPLICATE_METHOD_MATCH = YES;
				CODE_SIGN_IDENTITY = "iPhone Developer";
				COPY_PHASE_STRIP = NO;
				DEBUG_INFORMATION_FORMAT = dwarf;
				ENABLE_STRICT_OBJC_MSGSEND = YES;
				ENABLE_TESTABILITY = YES;
				GCC_C_LANGUAGE_STANDARD = gnu11;
				GCC_DYNAMIC_NO_PIC = NO;
				GCC_NO_COMMON_BLOCKS = YES;
				GCC_OPTIMIZATION_LEVEL = 0;
				GCC_PREPROCESSOR_DEFINITIONS = (
					"DEBUG=1",
					"$(inherited)",
				);
				GCC_WARN_64_TO_32_BIT_CONVERSION = YES;
				GCC_WARN_ABOUT_RETURN_TYPE = YES_ERROR;
				GCC_WARN_UNDECLARED_SELECTOR = YES;
				GCC_WARN_UNINITIALIZED_AUTOS = YES_AGGRESSIVE;
				GCC_WARN_UNUSED_FUNCTION = YES;
				GCC_WARN_UNUSED_VARIABLE = YES;
				IPHONEOS_DEPLOYMENT_TARGET = 11.3;
				MTL_ENABLE_DEBUG_INFO = YES;
				ONLY_ACTIVE_ARCH = YES;
				SDKROOT = iphoneos;
				SWIFT_ACTIVE_COMPILATION_CONDITIONS = DEBUG;
				SWIFT_OPTIMIZATION_LEVEL = "-Onone";
			};
			name = Debug;
		};
		438117802084C10100BA0EB7 /* Release */ = {
			isa = XCBuildConfiguration;
			buildSettings = {
				ALWAYS_SEARCH_USER_PATHS = NO;
				CLANG_ANALYZER_NONNULL = YES;
				CLANG_ANALYZER_NUMBER_OBJECT_CONVERSION = YES_AGGRESSIVE;
				CLANG_CXX_LANGUAGE_STANDARD = "gnu++14";
				CLANG_CXX_LIBRARY = "libc++";
				CLANG_ENABLE_MODULES = YES;
				CLANG_ENABLE_OBJC_ARC = YES;
				CLANG_ENABLE_OBJC_WEAK = YES;
				CLANG_WARN_BLOCK_CAPTURE_AUTORELEASING = YES;
				CLANG_WARN_BOOL_CONVERSION = YES;
				CLANG_WARN_COMMA = YES;
				CLANG_WARN_CONSTANT_CONVERSION = YES;
				CLANG_WARN_DEPRECATED_OBJC_IMPLEMENTATIONS = YES;
				CLANG_WARN_DIRECT_OBJC_ISA_USAGE = YES_ERROR;
				CLANG_WARN_DOCUMENTATION_COMMENTS = YES;
				CLANG_WARN_EMPTY_BODY = YES;
				CLANG_WARN_ENUM_CONVERSION = YES;
				CLANG_WARN_INFINITE_RECURSION = YES;
				CLANG_WARN_INT_CONVERSION = YES;
				CLANG_WARN_NON_LITERAL_NULL_CONVERSION = YES;
				CLANG_WARN_OBJC_IMPLICIT_RETAIN_SELF = YES;
				CLANG_WARN_OBJC_LITERAL_CONVERSION = YES;
				CLANG_WARN_OBJC_ROOT_CLASS = YES_ERROR;
				CLANG_WARN_RANGE_LOOP_ANALYSIS = YES;
				CLANG_WARN_STRICT_PROTOTYPES = YES;
				CLANG_WARN_SUSPICIOUS_MOVE = YES;
				CLANG_WARN_UNGUARDED_AVAILABILITY = YES_AGGRESSIVE;
				CLANG_WARN_UNREACHABLE_CODE = YES;
				CLANG_WARN__DUPLICATE_METHOD_MATCH = YES;
				CODE_SIGN_IDENTITY = "iPhone Developer";
				COPY_PHASE_STRIP = NO;
				DEBUG_INFORMATION_FORMAT = "dwarf-with-dsym";
				ENABLE_NS_ASSERTIONS = NO;
				ENABLE_STRICT_OBJC_MSGSEND = YES;
				GCC_C_LANGUAGE_STANDARD = gnu11;
				GCC_NO_COMMON_BLOCKS = YES;
				GCC_WARN_64_TO_32_BIT_CONVERSION = YES;
				GCC_WARN_ABOUT_RETURN_TYPE = YES_ERROR;
				GCC_WARN_UNDECLARED_SELECTOR = YES;
				GCC_WARN_UNINITIALIZED_AUTOS = YES_AGGRESSIVE;
				GCC_WARN_UNUSED_FUNCTION = YES;
				GCC_WARN_UNUSED_VARIABLE = YES;
				IPHONEOS_DEPLOYMENT_TARGET = 11.3;
				MTL_ENABLE_DEBUG_INFO = NO;
				SDKROOT = iphoneos;
				SWIFT_COMPILATION_MODE = wholemodule;
				SWIFT_OPTIMIZATION_LEVEL = "-O";
				VALIDATE_PRODUCT = YES;
			};
			name = Release;
		};
		438117822084C10100BA0EB7 /* Debug */ = {
			isa = XCBuildConfiguration;
			buildSettings = {
				ASSETCATALOG_COMPILER_APPICON_NAME = AppIcon;
				CODE_SIGN_STYLE = Automatic;
				DEVELOPMENT_TEAM = 4V89KEZWRU;
				INFOPLIST_FILE = SmartDictionary/Info.plist;
				LD_RUNPATH_SEARCH_PATHS = (
					"$(inherited)",
					"@executable_path/Frameworks",
				);
				PRODUCT_BUNDLE_IDENTIFIER = sbv24051989.SmartDictionary;
				PRODUCT_NAME = "$(TARGET_NAME)";
				SWIFT_VERSION = 4.0;
				TARGETED_DEVICE_FAMILY = "1,2";
			};
			name = Debug;
		};
		438117832084C10100BA0EB7 /* Release */ = {
			isa = XCBuildConfiguration;
			buildSettings = {
				ASSETCATALOG_COMPILER_APPICON_NAME = AppIcon;
				CODE_SIGN_STYLE = Automatic;
				DEVELOPMENT_TEAM = 4V89KEZWRU;
				INFOPLIST_FILE = SmartDictionary/Info.plist;
				LD_RUNPATH_SEARCH_PATHS = (
					"$(inherited)",
					"@executable_path/Frameworks",
				);
				PRODUCT_BUNDLE_IDENTIFIER = sbv24051989.SmartDictionary;
				PRODUCT_NAME = "$(TARGET_NAME)";
				SWIFT_VERSION = 4.0;
				TARGETED_DEVICE_FAMILY = "1,2";
			};
			name = Release;
		};
/* End XCBuildConfiguration section */

/* Begin XCConfigurationList section */
		4364E6302086402E0048E9EA /* Build configuration list for PBXNativeTarget "SmartDictionaryTests" */ = {
			isa = XCConfigurationList;
			buildConfigurations = (
				4364E62E2086402E0048E9EA /* Debug */,
				4364E62F2086402E0048E9EA /* Release */,
			);
			defaultConfigurationIsVisible = 0;
			defaultConfigurationName = Release;
		};
		4381176A2084C0FF00BA0EB7 /* Build configuration list for PBXProject "SmartDictionary" */ = {
			isa = XCConfigurationList;
			buildConfigurations = (
				4381177F2084C10100BA0EB7 /* Debug */,
				438117802084C10100BA0EB7 /* Release */,
			);
			defaultConfigurationIsVisible = 0;
			defaultConfigurationName = Release;
		};
		438117812084C10100BA0EB7 /* Build configuration list for PBXNativeTarget "SmartDictionary" */ = {
			isa = XCConfigurationList;
			buildConfigurations = (
				438117822084C10100BA0EB7 /* Debug */,
				438117832084C10100BA0EB7 /* Release */,
			);
			defaultConfigurationIsVisible = 0;
			defaultConfigurationName = Release;
		};
/* End XCConfigurationList section */
	};
	rootObject = 438117672084C0FF00BA0EB7 /* Project object */;
}
