PODS:
  - Alamofire (4.9.1)
  - Realm (10.20.1):
    - Realm/Headers (= 10.20.1)
  - Realm/Headers (10.20.1)
  - RealmSwift (10.20.1):
    - Realm (= 10.20.1)

DEPENDENCIES:
  - Alamofire (~> 4.7)
  - RealmSwift

SPEC REPOS:
  trunk:
    - Alamofire
    - Realm
    - RealmSwift

SPEC CHECKSUMS:
  Alamofire: 85e8a02c69d6020a0d734f6054870d7ecb75cf18
  Realm: fac5ecd031fcb81171627b74944c885662d4b266
  RealmSwift: 9b02d25acb46a14756bde9893abb99e2e3675923

PODFILE CHECKSUM: 4d7d0999a6617be48e57a8e49121fcfa15a074bc

COCOAPODS: 1.11.2
